// !$*UTF8*$!
{
	archiveVersion = 1;
	classes = {
	};
	objectVersion = 46;
	objects = {

/* Begin PBXBuildFile section */
		C807A4E71EA7EB51002D8784 /* ShareViewController.swift in Sources */ = {isa = PBXBuildFile; fileRef = C807A4E61EA7EB51002D8784 /* ShareViewController.swift */; };
		C807A4EA1EA7EB51002D8784 /* MainInterface.storyboard in Resources */ = {isa = PBXBuildFile; fileRef = C807A4E81EA7EB51002D8784 /* MainInterface.storyboard */; };
		C807A4EE1EA7EB51002D8784 /* ShareExtension.appex in Embed App Extensions */ = {isa = PBXBuildFile; fileRef = C807A4E41EA7EB50002D8784 /* ShareExtension.appex */; settings = {ATTRIBUTES = (RemoveHeadersOnCopy, ); }; };
		C807A5031EA7FE68002D8784 /* Interface.storyboard in Resources */ = {isa = PBXBuildFile; fileRef = C807A5011EA7FE68002D8784 /* Interface.storyboard */; };
		C807A5051EA7FE68002D8784 /* Assets.xcassets in Resources */ = {isa = PBXBuildFile; fileRef = C807A5041EA7FE68002D8784 /* Assets.xcassets */; };
		C807A50C1EA7FE68002D8784 /* WatchApp Extension.appex in Embed App Extensions */ = {isa = PBXBuildFile; fileRef = C807A50B1EA7FE68002D8784 /* WatchApp Extension.appex */; settings = {ATTRIBUTES = (RemoveHeadersOnCopy, ); }; };
		C807A5111EA7FE69002D8784 /* InterfaceController.swift in Sources */ = {isa = PBXBuildFile; fileRef = C807A5101EA7FE69002D8784 /* InterfaceController.swift */; };
		C807A5131EA7FE69002D8784 /* ExtensionDelegate.swift in Sources */ = {isa = PBXBuildFile; fileRef = C807A5121EA7FE69002D8784 /* ExtensionDelegate.swift */; };
		C807A5151EA7FE69002D8784 /* ComplicationController.swift in Sources */ = {isa = PBXBuildFile; fileRef = C807A5141EA7FE69002D8784 /* ComplicationController.swift */; };
		C807A5171EA7FE69002D8784 /* Assets.xcassets in Resources */ = {isa = PBXBuildFile; fileRef = C807A5161EA7FE69002D8784 /* Assets.xcassets */; };
		C807A51B1EA7FE69002D8784 /* WatchApp.app in Embed Watch Content */ = {isa = PBXBuildFile; fileRef = C807A4FF1EA7FE68002D8784 /* WatchApp.app */; };
		C81F854C1E4B58DE0060273F /* ic_custom.png in Resources */ = {isa = PBXBuildFile; fileRef = C81F854B1E4B58DE0060273F /* ic_custom.png */; };
		C83AC65D1E35828700932893 /* Whiteboard-inverted.png in Resources */ = {isa = PBXBuildFile; fileRef = C83AC65C1E35828700932893 /* Whiteboard-inverted.png */; };
		C84D4A361E4AA84300D14153 /* ic_text.png in Resources */ = {isa = PBXBuildFile; fileRef = C84D4A351E4AA84300D14153 /* ic_text.png */; };
		C84D4A381E4AA8CD00D14153 /* ic_textdark.png in Resources */ = {isa = PBXBuildFile; fileRef = C84D4A371E4AA8CD00D14153 /* ic_textdark.png */; };
		C84D4A3A1E4AA90400D14153 /* ic_rainbow.png in Resources */ = {isa = PBXBuildFile; fileRef = C84D4A391E4AA90400D14153 /* ic_rainbow.png */; };
		C84D4A3C1E4AA95A00D14153 /* ic_white.png in Resources */ = {isa = PBXBuildFile; fileRef = C84D4A3B1E4AA95A00D14153 /* ic_white.png */; };
		C84D4A3E1E4AA9F400D14153 /* ic_dark.png in Resources */ = {isa = PBXBuildFile; fileRef = C84D4A3D1E4AA9F400D14153 /* ic_dark.png */; };
		C87E2FE41E358BC000DCE2D1 /* PIZZA.jpg in Resources */ = {isa = PBXBuildFile; fileRef = C87E2FE31E358BC000DCE2D1 /* PIZZA.jpg */; };
		C87E2FE81E358E2D00DCE2D1 /* Ian of Ians.jpg in Resources */ = {isa = PBXBuildFile; fileRef = C87E2FE71E358E2D00DCE2D1 /* Ian of Ians.jpg */; };
		C8ACEA3B1EF1CE5B00D3CF0A /* icons8-Replay-100.png in Resources */ = {isa = PBXBuildFile; fileRef = C8ACEA3A1EF1CE5B00D3CF0A /* icons8-Replay-100.png */; };
		C8ACEA3F1EF1CECE00D3CF0A /* icons8-Save-100.png in Resources */ = {isa = PBXBuildFile; fileRef = C8ACEA3E1EF1CECE00D3CF0A /* icons8-Save-100.png */; };
		C8ACEA411EF1CF0600D3CF0A /* icons8-Cancel-100.png in Resources */ = {isa = PBXBuildFile; fileRef = C8ACEA401EF1CF0500D3CF0A /* icons8-Cancel-100.png */; };
		C8ACEA431EF1D2BA00D3CF0A /* icons8-Grid-100.png in Resources */ = {isa = PBXBuildFile; fileRef = C8ACEA421EF1D2BA00D3CF0A /* icons8-Grid-100.png */; };
		C8ACEA451EF1D5F000D3CF0A /* black.png in Resources */ = {isa = PBXBuildFile; fileRef = C8ACEA441EF1D5F000D3CF0A /* black.png */; };
		C8AD439F1E34F7CA004ED0D0 /* Whiteboard.png in Resources */ = {isa = PBXBuildFile; fileRef = C8AD439E1E34F7CA004ED0D0 /* Whiteboard.png */; };
		C8B178D41EED79A200324E57 /* Whiteboard-inverted.png in Resources */ = {isa = PBXBuildFile; fileRef = C83AC65C1E35828700932893 /* Whiteboard-inverted.png */; };
		C8B178D71EED7B7800324E57 /* WatchConnectivity.framework in Frameworks */ = {isa = PBXBuildFile; fileRef = C8B178D61EED7B7000324E57 /* WatchConnectivity.framework */; };
		C8B178D91EED7B8900324E57 /* WatchConnectivity.framework in Frameworks */ = {isa = PBXBuildFile; fileRef = C8B178D81EED7B8400324E57 /* WatchConnectivity.framework */; };
		C8D380301E3446F300973167 /* AppDelegate.swift in Sources */ = {isa = PBXBuildFile; fileRef = C8D3802F1E3446F300973167 /* AppDelegate.swift */; };
		C8D380321E3446F300973167 /* ViewController.swift in Sources */ = {isa = PBXBuildFile; fileRef = C8D380311E3446F300973167 /* ViewController.swift */; };
		C8D380351E3446F300973167 /* Main.storyboard in Resources */ = {isa = PBXBuildFile; fileRef = C8D380331E3446F300973167 /* Main.storyboard */; };
		C8D380381E3446F300973167 /* WhiteBoardCoreData.xcdatamodeld in Sources */ = {isa = PBXBuildFile; fileRef = C8D380361E3446F300973167 /* WhiteBoardCoreData.xcdatamodeld */; };
		C8D3803A1E3446F300973167 /* Assets.xcassets in Resources */ = {isa = PBXBuildFile; fileRef = C8D380391E3446F300973167 /* Assets.xcassets */; };
		C8D3803D1E3446F300973167 /* LaunchScreen.storyboard in Resources */ = {isa = PBXBuildFile; fileRef = C8D3803B1E3446F300973167 /* LaunchScreen.storyboard */; };
		C8D380481E3446F300973167 /* WhiteBoardCoreDataTests.swift in Sources */ = {isa = PBXBuildFile; fileRef = C8D380471E3446F300973167 /* WhiteBoardCoreDataTests.swift */; };
		C8EA09BD1E3512940090E0F4 /* Settings.bundle in Resources */ = {isa = PBXBuildFile; fileRef = C8EA09BC1E3512940090E0F4 /* Settings.bundle */; };
/* End PBXBuildFile section */

/* Begin PBXContainerItemProxy section */
		C807A4EC1EA7EB51002D8784 /* PBXContainerItemProxy */ = {
			isa = PBXContainerItemProxy;
			containerPortal = C8D380241E3446F300973167 /* Project object */;
			proxyType = 1;
			remoteGlobalIDString = C807A4E31EA7EB50002D8784;
			remoteInfo = ShareExtension;
		};
		C807A50D1EA7FE68002D8784 /* PBXContainerItemProxy */ = {
			isa = PBXContainerItemProxy;
			containerPortal = C8D380241E3446F300973167 /* Project object */;
			proxyType = 1;
			remoteGlobalIDString = C807A50A1EA7FE68002D8784;
			remoteInfo = "WatchApp Extension";
		};
		C807A5191EA7FE69002D8784 /* PBXContainerItemProxy */ = {
			isa = PBXContainerItemProxy;
			containerPortal = C8D380241E3446F300973167 /* Project object */;
			proxyType = 1;
			remoteGlobalIDString = C807A4FE1EA7FE68002D8784;
			remoteInfo = WatchApp;
		};
		C8D380441E3446F300973167 /* PBXContainerItemProxy */ = {
			isa = PBXContainerItemProxy;
			containerPortal = C8D380241E3446F300973167 /* Project object */;
			proxyType = 1;
			remoteGlobalIDString = C8D3802B1E3446F300973167;
			remoteInfo = WhiteBoardCoreData;
		};
/* End PBXContainerItemProxy section */

/* Begin PBXCopyFilesBuildPhase section */
		C807A4F21EA7EB51002D8784 /* Embed App Extensions */ = {
			isa = PBXCopyFilesBuildPhase;
			buildActionMask = 2147483647;
			dstPath = "";
			dstSubfolderSpec = 13;
			files = (
				C807A4EE1EA7EB51002D8784 /* ShareExtension.appex in Embed App Extensions */,
			);
			name = "Embed App Extensions";
			runOnlyForDeploymentPostprocessing = 0;
		};
		C807A5211EA7FE69002D8784 /* Embed App Extensions */ = {
			isa = PBXCopyFilesBuildPhase;
			buildActionMask = 2147483647;
			dstPath = "";
			dstSubfolderSpec = 13;
			files = (
				C807A50C1EA7FE68002D8784 /* WatchApp Extension.appex in Embed App Extensions */,
			);
			name = "Embed App Extensions";
			runOnlyForDeploymentPostprocessing = 0;
		};
		C8EA098F1E34FFA40090E0F4 /* Embed Watch Content */ = {
			isa = PBXCopyFilesBuildPhase;
			buildActionMask = 2147483647;
			dstPath = "$(CONTENTS_FOLDER_PATH)/Watch";
			dstSubfolderSpec = 16;
			files = (
				C807A51B1EA7FE69002D8784 /* WatchApp.app in Embed Watch Content */,
			);
			name = "Embed Watch Content";
			runOnlyForDeploymentPostprocessing = 0;
		};
/* End PBXCopyFilesBuildPhase section */

/* Begin PBXFileReference section */
		C807A4E41EA7EB50002D8784 /* ShareExtension.appex */ = {isa = PBXFileReference; explicitFileType = "wrapper.app-extension"; includeInIndex = 0; path = ShareExtension.appex; sourceTree = BUILT_PRODUCTS_DIR; };
		C807A4E61EA7EB51002D8784 /* ShareViewController.swift */ = {isa = PBXFileReference; lastKnownFileType = sourcecode.swift; path = ShareViewController.swift; sourceTree = "<group>"; };
		C807A4E91EA7EB51002D8784 /* Base */ = {isa = PBXFileReference; lastKnownFileType = file.storyboard; name = Base; path = Base.lproj/MainInterface.storyboard; sourceTree = "<group>"; };
		C807A4EB1EA7EB51002D8784 /* Info.plist */ = {isa = PBXFileReference; lastKnownFileType = text.plist.xml; path = Info.plist; sourceTree = "<group>"; };
		C807A4F41EA7EE88002D8784 /* ShareExtension.entitlements */ = {isa = PBXFileReference; lastKnownFileType = text.plist.entitlements; path = ShareExtension.entitlements; sourceTree = "<group>"; };
		C807A4FF1EA7FE68002D8784 /* WatchApp.app */ = {isa = PBXFileReference; explicitFileType = wrapper.application; includeInIndex = 0; path = WatchApp.app; sourceTree = BUILT_PRODUCTS_DIR; };
		C807A5021EA7FE68002D8784 /* Base */ = {isa = PBXFileReference; lastKnownFileType = file.storyboard; name = Base; path = Base.lproj/Interface.storyboard; sourceTree = "<group>"; };
		C807A5041EA7FE68002D8784 /* Assets.xcassets */ = {isa = PBXFileReference; lastKnownFileType = folder.assetcatalog; path = Assets.xcassets; sourceTree = "<group>"; };
		C807A5061EA7FE68002D8784 /* Info.plist */ = {isa = PBXFileReference; lastKnownFileType = text.plist.xml; path = Info.plist; sourceTree = "<group>"; };
		C807A50B1EA7FE68002D8784 /* WatchApp Extension.appex */ = {isa = PBXFileReference; explicitFileType = "wrapper.app-extension"; includeInIndex = 0; path = "WatchApp Extension.appex"; sourceTree = BUILT_PRODUCTS_DIR; };
		C807A5101EA7FE69002D8784 /* InterfaceController.swift */ = {isa = PBXFileReference; lastKnownFileType = sourcecode.swift; path = InterfaceController.swift; sourceTree = "<group>"; };
		C807A5121EA7FE69002D8784 /* ExtensionDelegate.swift */ = {isa = PBXFileReference; lastKnownFileType = sourcecode.swift; path = ExtensionDelegate.swift; sourceTree = "<group>"; };
		C807A5141EA7FE69002D8784 /* ComplicationController.swift */ = {isa = PBXFileReference; lastKnownFileType = sourcecode.swift; path = ComplicationController.swift; sourceTree = "<group>"; };
		C807A5161EA7FE69002D8784 /* Assets.xcassets */ = {isa = PBXFileReference; lastKnownFileType = folder.assetcatalog; path = Assets.xcassets; sourceTree = "<group>"; };
		C807A5181EA7FE69002D8784 /* Info.plist */ = {isa = PBXFileReference; lastKnownFileType = text.plist.xml; path = Info.plist; sourceTree = "<group>"; };
		C807A5231EA7FE70002D8784 /* WatchApp.entitlements */ = {isa = PBXFileReference; lastKnownFileType = text.plist.entitlements; path = WatchApp.entitlements; sourceTree = "<group>"; };
		C81F854B1E4B58DE0060273F /* ic_custom.png */ = {isa = PBXFileReference; lastKnownFileType = image.png; name = ic_custom.png; path = WhiteBoardCoreData/Resources/ic_custom.png; sourceTree = "<group>"; };
		C82AD0121EEDA50100E61777 /* WhiteBoardCoreData.entitlements */ = {isa = PBXFileReference; lastKnownFileType = text.plist.entitlements; path = WhiteBoardCoreData.entitlements; sourceTree = "<group>"; };
		C82AD0131EEDA51C00E61777 /* WatchApp Extension.entitlements */ = {isa = PBXFileReference; lastKnownFileType = text.plist.entitlements; path = "WatchApp Extension.entitlements"; sourceTree = "<group>"; };
		C83AC65C1E35828700932893 /* Whiteboard-inverted.png */ = {isa = PBXFileReference; lastKnownFileType = image.png; name = "Whiteboard-inverted.png"; path = "../WhiteBoardCoreData/Resources/Whiteboard-inverted.png"; sourceTree = "<group>"; };
		C84D4A351E4AA84300D14153 /* ic_text.png */ = {isa = PBXFileReference; lastKnownFileType = image.png; name = ic_text.png; path = WhiteBoardCoreData/Resources/ic_text.png; sourceTree = "<group>"; };
		C84D4A371E4AA8CD00D14153 /* ic_textdark.png */ = {isa = PBXFileReference; lastKnownFileType = image.png; name = ic_textdark.png; path = WhiteBoardCoreData/Resources/ic_textdark.png; sourceTree = "<group>"; };
		C84D4A391E4AA90400D14153 /* ic_rainbow.png */ = {isa = PBXFileReference; lastKnownFileType = image.png; name = ic_rainbow.png; path = WhiteBoardCoreData/Resources/ic_rainbow.png; sourceTree = "<group>"; };
		C84D4A3B1E4AA95A00D14153 /* ic_white.png */ = {isa = PBXFileReference; lastKnownFileType = image.png; name = ic_white.png; path = WhiteBoardCoreData/Resources/ic_white.png; sourceTree = "<group>"; };
		C84D4A3D1E4AA9F400D14153 /* ic_dark.png */ = {isa = PBXFileReference; lastKnownFileType = image.png; name = ic_dark.png; path = WhiteBoardCoreData/Resources/ic_dark.png; sourceTree = "<group>"; };
		C87E2FE31E358BC000DCE2D1 /* PIZZA.jpg */ = {isa = PBXFileReference; lastKnownFileType = image.jpeg; name = PIZZA.jpg; path = WhiteBoardCoreData/Resources/PIZZA.jpg; sourceTree = "<group>"; };
		C87E2FE71E358E2D00DCE2D1 /* Ian of Ians.jpg */ = {isa = PBXFileReference; lastKnownFileType = image.jpeg; name = "Ian of Ians.jpg"; path = "WhiteBoardCoreData/Resources/Ian of Ians.jpg"; sourceTree = "<group>"; };
		C8ACEA3A1EF1CE5B00D3CF0A /* icons8-Replay-100.png */ = {isa = PBXFileReference; lastKnownFileType = image.png; name = "icons8-Replay-100.png"; path = "../../../Downloads/icons8-Replay-100.png"; sourceTree = "<group>"; };
		C8ACEA3E1EF1CECE00D3CF0A /* icons8-Save-100.png */ = {isa = PBXFileReference; lastKnownFileType = image.png; name = "icons8-Save-100.png"; path = "../../../Downloads/icons8-Save-100.png"; sourceTree = "<group>"; };
		C8ACEA401EF1CF0500D3CF0A /* icons8-Cancel-100.png */ = {isa = PBXFileReference; lastKnownFileType = image.png; name = "icons8-Cancel-100.png"; path = "../../../Downloads/icons8-Cancel-100.png"; sourceTree = "<group>"; };
		C8ACEA421EF1D2BA00D3CF0A /* icons8-Grid-100.png */ = {isa = PBXFileReference; lastKnownFileType = image.png; name = "icons8-Grid-100.png"; path = "../../../Downloads/icons8-Grid-100.png"; sourceTree = "<group>"; };
		C8ACEA441EF1D5F000D3CF0A /* black.png */ = {isa = PBXFileReference; lastKnownFileType = image.png; name = black.png; path = ../../../Downloads/black.png; sourceTree = "<group>"; };
		C8AD439E1E34F7CA004ED0D0 /* Whiteboard.png */ = {isa = PBXFileReference; lastKnownFileType = image.png; name = Whiteboard.png; path = WhiteBoardCoreData/Resources/Whiteboard.png; sourceTree = "<group>"; };
		C8B178D61EED7B7000324E57 /* WatchConnectivity.framework */ = {isa = PBXFileReference; lastKnownFileType = wrapper.framework; name = WatchConnectivity.framework; path = System/Library/Frameworks/WatchConnectivity.framework; sourceTree = SDKROOT; };
		C8B178D81EED7B8400324E57 /* WatchConnectivity.framework */ = {isa = PBXFileReference; lastKnownFileType = wrapper.framework; name = WatchConnectivity.framework; path = Platforms/WatchOS.platform/Developer/SDKs/WatchOS4.0.sdk/System/Library/Frameworks/WatchConnectivity.framework; sourceTree = DEVELOPER_DIR; };
		C8D3802C1E3446F300973167 /* WhiteBoardCoreData.app */ = {isa = PBXFileReference; explicitFileType = wrapper.application; includeInIndex = 0; path = WhiteBoardCoreData.app; sourceTree = BUILT_PRODUCTS_DIR; };
		C8D3802F1E3446F300973167 /* AppDelegate.swift */ = {isa = PBXFileReference; lastKnownFileType = sourcecode.swift; name = AppDelegate.swift; path = "WhiteBoardCoreData/Core Files/AppDelegate.swift"; sourceTree = "<group>"; };
		C8D380311E3446F300973167 /* ViewController.swift */ = {isa = PBXFileReference; lastKnownFileType = sourcecode.swift; name = ViewController.swift; path = "WhiteBoardCoreData/Core Files/ViewController.swift"; sourceTree = "<group>"; };
		C8D380341E3446F300973167 /* Base */ = {isa = PBXFileReference; lastKnownFileType = file.storyboard; name = Base; path = Base.lproj/Main.storyboard; sourceTree = "<group>"; };
		C8D380371E3446F300973167 /* WhiteBoardCoreData.xcdatamodel */ = {isa = PBXFileReference; lastKnownFileType = wrapper.xcdatamodel; path = WhiteBoardCoreData.xcdatamodel; sourceTree = "<group>"; };
		C8D380391E3446F300973167 /* Assets.xcassets */ = {isa = PBXFileReference; lastKnownFileType = folder.assetcatalog; name = Assets.xcassets; path = WhiteBoardCoreData/Resources/Assets.xcassets; sourceTree = "<group>"; };
		C8D3803C1E3446F300973167 /* Base */ = {isa = PBXFileReference; lastKnownFileType = file.storyboard; name = Base; path = Base.lproj/LaunchScreen.storyboard; sourceTree = "<group>"; };
		C8D3803E1E3446F300973167 /* Info.plist */ = {isa = PBXFileReference; lastKnownFileType = text.plist.xml; name = Info.plist; path = "WhiteBoardCoreData/Core Files/Info.plist"; sourceTree = "<group>"; };
		C8D380431E3446F300973167 /* WhiteBoardCoreDataTests.xctest */ = {isa = PBXFileReference; explicitFileType = wrapper.cfbundle; includeInIndex = 0; path = WhiteBoardCoreDataTests.xctest; sourceTree = BUILT_PRODUCTS_DIR; };
		C8D380471E3446F300973167 /* WhiteBoardCoreDataTests.swift */ = {isa = PBXFileReference; lastKnownFileType = sourcecode.swift; path = WhiteBoardCoreDataTests.swift; sourceTree = "<group>"; };
		C8D380491E3446F300973167 /* Info.plist */ = {isa = PBXFileReference; lastKnownFileType = text.plist.xml; path = Info.plist; sourceTree = "<group>"; };
		C8EA09BC1E3512940090E0F4 /* Settings.bundle */ = {isa = PBXFileReference; lastKnownFileType = "wrapper.plug-in"; path = Settings.bundle; sourceTree = "<group>"; };
/* End PBXFileReference section */

/* Begin PBXFrameworksBuildPhase section */
		C807A4E11EA7EB50002D8784 /* Frameworks */ = {
			isa = PBXFrameworksBuildPhase;
			buildActionMask = 2147483647;
			files = (
			);
			runOnlyForDeploymentPostprocessing = 0;
		};
		C807A5081EA7FE68002D8784 /* Frameworks */ = {
			isa = PBXFrameworksBuildPhase;
			buildActionMask = 2147483647;
			files = (
				C8B178D91EED7B8900324E57 /* WatchConnectivity.framework in Frameworks */,
			);
			runOnlyForDeploymentPostprocessing = 0;
		};
		C8D380291E3446F300973167 /* Frameworks */ = {
			isa = PBXFrameworksBuildPhase;
			buildActionMask = 2147483647;
			files = (
				C8B178D71EED7B7800324E57 /* WatchConnectivity.framework in Frameworks */,
			);
			runOnlyForDeploymentPostprocessing = 0;
		};
		C8D380401E3446F300973167 /* Frameworks */ = {
			isa = PBXFrameworksBuildPhase;
			buildActionMask = 2147483647;
			files = (
			);
			runOnlyForDeploymentPostprocessing = 0;
		};
/* End PBXFrameworksBuildPhase section */

/* Begin PBXGroup section */
		C807A4E51EA7EB51002D8784 /* ShareExtension */ = {
			isa = PBXGroup;
			children = (
				C807A4F41EA7EE88002D8784 /* ShareExtension.entitlements */,
				C807A4E61EA7EB51002D8784 /* ShareViewController.swift */,
				C807A4E81EA7EB51002D8784 /* MainInterface.storyboard */,
				C807A4EB1EA7EB51002D8784 /* Info.plist */,
			);
			path = ShareExtension;
			sourceTree = "<group>";
		};
		C807A5001EA7FE68002D8784 /* WatchApp */ = {
			isa = PBXGroup;
			children = (
				C807A5231EA7FE70002D8784 /* WatchApp.entitlements */,
				C807A5011EA7FE68002D8784 /* Interface.storyboard */,
				C807A5041EA7FE68002D8784 /* Assets.xcassets */,
				C807A5061EA7FE68002D8784 /* Info.plist */,
				C83AC65C1E35828700932893 /* Whiteboard-inverted.png */,
			);
			path = WatchApp;
			sourceTree = "<group>";
		};
		C807A50F1EA7FE68002D8784 /* WatchApp Extension */ = {
			isa = PBXGroup;
			children = (
				C82AD0131EEDA51C00E61777 /* WatchApp Extension.entitlements */,
				C807A5101EA7FE69002D8784 /* InterfaceController.swift */,
				C807A5121EA7FE69002D8784 /* ExtensionDelegate.swift */,
				C807A5141EA7FE69002D8784 /* ComplicationController.swift */,
				C807A5161EA7FE69002D8784 /* Assets.xcassets */,
				C807A5181EA7FE69002D8784 /* Info.plist */,
			);
			path = "WatchApp Extension";
			sourceTree = "<group>";
		};
		C82BB6CD1E4A6568003F5F02 /* Resources */ = {
			isa = PBXGroup;
			children = (
				C8D380361E3446F300973167 /* WhiteBoardCoreData.xcdatamodeld */,
				C8D380391E3446F300973167 /* Assets.xcassets */,
				C81F854B1E4B58DE0060273F /* ic_custom.png */,
				C84D4A3B1E4AA95A00D14153 /* ic_white.png */,
				C84D4A3D1E4AA9F400D14153 /* ic_dark.png */,
				C84D4A391E4AA90400D14153 /* ic_rainbow.png */,
				C84D4A351E4AA84300D14153 /* ic_text.png */,
				C84D4A371E4AA8CD00D14153 /* ic_textdark.png */,
				C8AD439E1E34F7CA004ED0D0 /* Whiteboard.png */,
				C87E2FE71E358E2D00DCE2D1 /* Ian of Ians.jpg */,
				C87E2FE31E358BC000DCE2D1 /* PIZZA.jpg */,
				C8ACEA3A1EF1CE5B00D3CF0A /* icons8-Replay-100.png */,
				C8ACEA3E1EF1CECE00D3CF0A /* icons8-Save-100.png */,
				C8ACEA401EF1CF0500D3CF0A /* icons8-Cancel-100.png */,
				C8ACEA421EF1D2BA00D3CF0A /* icons8-Grid-100.png */,
				C8ACEA441EF1D5F000D3CF0A /* black.png */,
			);
			name = Resources;
			path = ..;
			sourceTree = "<group>";
		};
		C876F04C1E5E4ABB00E669F8 /* Core Files */ = {
			isa = PBXGroup;
			children = (
				C8D3802F1E3446F300973167 /* AppDelegate.swift */,
				C8D380311E3446F300973167 /* ViewController.swift */,
				C8D380331E3446F300973167 /* Main.storyboard */,
				C8D3803B1E3446F300973167 /* LaunchScreen.storyboard */,
				C8D3803E1E3446F300973167 /* Info.plist */,
			);
			name = "Core Files";
			path = ..;
			sourceTree = "<group>";
		};
		C8B178D51EED7B7000324E57 /* Frameworks */ = {
			isa = PBXGroup;
			children = (
				C8B178D81EED7B8400324E57 /* WatchConnectivity.framework */,
				C8B178D61EED7B7000324E57 /* WatchConnectivity.framework */,
			);
			name = Frameworks;
			sourceTree = "<group>";
		};
		C8D380231E3446F300973167 = {
			isa = PBXGroup;
			children = (
				C8EA09BC1E3512940090E0F4 /* Settings.bundle */,
				C8D3802E1E3446F300973167 /* WhiteBoardCoreData */,
				C807A4E51EA7EB51002D8784 /* ShareExtension */,
				C8D380461E3446F300973167 /* WhiteBoardCoreDataTests */,
				C807A5001EA7FE68002D8784 /* WatchApp */,
				C807A50F1EA7FE68002D8784 /* WatchApp Extension */,
				C8D3802D1E3446F300973167 /* Products */,
				C8B178D51EED7B7000324E57 /* Frameworks */,
			);
			sourceTree = "<group>";
		};
		C8D3802D1E3446F300973167 /* Products */ = {
			isa = PBXGroup;
			children = (
				C8D3802C1E3446F300973167 /* WhiteBoardCoreData.app */,
				C8D380431E3446F300973167 /* WhiteBoardCoreDataTests.xctest */,
				C807A4E41EA7EB50002D8784 /* ShareExtension.appex */,
				C807A4FF1EA7FE68002D8784 /* WatchApp.app */,
				C807A50B1EA7FE68002D8784 /* WatchApp Extension.appex */,
			);
			name = Products;
			sourceTree = "<group>";
		};
		C8D3802E1E3446F300973167 /* WhiteBoardCoreData */ = {
			isa = PBXGroup;
			children = (
				C82AD0121EEDA50100E61777 /* WhiteBoardCoreData.entitlements */,
				C876F04C1E5E4ABB00E669F8 /* Core Files */,
				C82BB6CD1E4A6568003F5F02 /* Resources */,
			);
			path = WhiteBoardCoreData;
			sourceTree = "<group>";
		};
		C8D380461E3446F300973167 /* WhiteBoardCoreDataTests */ = {
			isa = PBXGroup;
			children = (
				C8D380471E3446F300973167 /* WhiteBoardCoreDataTests.swift */,
				C8D380491E3446F300973167 /* Info.plist */,
			);
			path = WhiteBoardCoreDataTests;
			sourceTree = "<group>";
		};
/* End PBXGroup section */

/* Begin PBXNativeTarget section */
		C807A4E31EA7EB50002D8784 /* ShareExtension */ = {
			isa = PBXNativeTarget;
			buildConfigurationList = C807A4F11EA7EB51002D8784 /* Build configuration list for PBXNativeTarget "ShareExtension" */;
			buildPhases = (
				C807A4E01EA7EB50002D8784 /* Sources */,
				C807A4E11EA7EB50002D8784 /* Frameworks */,
				C807A4E21EA7EB50002D8784 /* Resources */,
			);
			buildRules = (
			);
			dependencies = (
			);
			name = ShareExtension;
			productName = ShareExtension;
			productReference = C807A4E41EA7EB50002D8784 /* ShareExtension.appex */;
			productType = "com.apple.product-type.app-extension";
		};
		C807A4FE1EA7FE68002D8784 /* WatchApp */ = {
			isa = PBXNativeTarget;
			buildConfigurationList = C807A5221EA7FE69002D8784 /* Build configuration list for PBXNativeTarget "WatchApp" */;
			buildPhases = (
				C807A4FD1EA7FE68002D8784 /* Resources */,
				C807A5211EA7FE69002D8784 /* Embed App Extensions */,
			);
			buildRules = (
			);
			dependencies = (
				C807A50E1EA7FE68002D8784 /* PBXTargetDependency */,
			);
			name = WatchApp;
			productName = WatchApp;
			productReference = C807A4FF1EA7FE68002D8784 /* WatchApp.app */;
			productType = "com.apple.product-type.application.watchapp2";
		};
		C807A50A1EA7FE68002D8784 /* WatchApp Extension */ = {
			isa = PBXNativeTarget;
			buildConfigurationList = C807A5201EA7FE69002D8784 /* Build configuration list for PBXNativeTarget "WatchApp Extension" */;
			buildPhases = (
				C807A5071EA7FE68002D8784 /* Sources */,
				C807A5081EA7FE68002D8784 /* Frameworks */,
				C807A5091EA7FE68002D8784 /* Resources */,
			);
			buildRules = (
			);
			dependencies = (
			);
			name = "WatchApp Extension";
			productName = "WatchApp Extension";
			productReference = C807A50B1EA7FE68002D8784 /* WatchApp Extension.appex */;
			productType = "com.apple.product-type.watchkit2-extension";
		};
		C8D3802B1E3446F300973167 /* WhiteBoardCoreData */ = {
			isa = PBXNativeTarget;
			buildConfigurationList = C8D3804C1E3446F300973167 /* Build configuration list for PBXNativeTarget "WhiteBoardCoreData" */;
			buildPhases = (
				C8D380281E3446F300973167 /* Sources */,
				C8D380291E3446F300973167 /* Frameworks */,
				C8D3802A1E3446F300973167 /* Resources */,
				C8EA098F1E34FFA40090E0F4 /* Embed Watch Content */,
				C807A4F21EA7EB51002D8784 /* Embed App Extensions */,
			);
			buildRules = (
			);
			dependencies = (
				C807A4ED1EA7EB51002D8784 /* PBXTargetDependency */,
				C807A51A1EA7FE69002D8784 /* PBXTargetDependency */,
			);
			name = WhiteBoardCoreData;
			productName = WhiteBoardCoreData;
			productReference = C8D3802C1E3446F300973167 /* WhiteBoardCoreData.app */;
			productType = "com.apple.product-type.application";
		};
		C8D380421E3446F300973167 /* WhiteBoardCoreDataTests */ = {
			isa = PBXNativeTarget;
			buildConfigurationList = C8D3804F1E3446F300973167 /* Build configuration list for PBXNativeTarget "WhiteBoardCoreDataTests" */;
			buildPhases = (
				C8D3803F1E3446F300973167 /* Sources */,
				C8D380401E3446F300973167 /* Frameworks */,
				C8D380411E3446F300973167 /* Resources */,
			);
			buildRules = (
			);
			dependencies = (
				C8D380451E3446F300973167 /* PBXTargetDependency */,
			);
			name = WhiteBoardCoreDataTests;
			productName = WhiteBoardCoreDataTests;
			productReference = C8D380431E3446F300973167 /* WhiteBoardCoreDataTests.xctest */;
			productType = "com.apple.product-type.bundle.unit-test";
		};
/* End PBXNativeTarget section */

/* Begin PBXProject section */
		C8D380241E3446F300973167 /* Project object */ = {
			isa = PBXProject;
			attributes = {
				LastSwiftUpdateCheck = 0830;
				LastUpgradeCheck = 0820;
				ORGANIZATIONNAME = Neef.co;
				TargetAttributes = {
					C807A4E31EA7EB50002D8784 = {
						CreatedOnToolsVersion = 8.3.1;
						DevelopmentTeam = D42D4S8LQX;
						ProvisioningStyle = Automatic;
						SystemCapabilities = {
							com.apple.ApplicationGroups.iOS = {
								enabled = 1;
							};
						};
					};
					C807A4FE1EA7FE68002D8784 = {
						CreatedOnToolsVersion = 8.3.1;
						DevelopmentTeam = D42D4S8LQX;
						ProvisioningStyle = Automatic;
						SystemCapabilities = {
							com.apple.ApplicationGroups.iOS = {
								enabled = 1;
							};
						};
					};
					C807A50A1EA7FE68002D8784 = {
						CreatedOnToolsVersion = 8.3.1;
						DevelopmentTeam = D42D4S8LQX;
						ProvisioningStyle = Automatic;
						SystemCapabilities = {
							com.apple.ApplicationGroups.iOS = {
								enabled = 1;
							};
						};
					};
					C8D3802B1E3446F300973167 = {
						CreatedOnToolsVersion = 8.2.1;
						DevelopmentTeam = D42D4S8LQX;
						ProvisioningStyle = Automatic;
						SystemCapabilities = {
							com.apple.ApplicationGroups.iOS = {
								enabled = 1;
							};
							com.apple.BackgroundModes = {
								enabled = 1;
							};
						};
					};
					C8D380421E3446F300973167 = {
						CreatedOnToolsVersion = 8.2.1;
						DevelopmentTeam = D42D4S8LQX;
						ProvisioningStyle = Automatic;
						TestTargetID = C8D3802B1E3446F300973167;
					};
				};
			};
			buildConfigurationList = C8D380271E3446F300973167 /* Build configuration list for PBXProject "WhiteBoardCoreData" */;
			compatibilityVersion = "Xcode 3.2";
			developmentRegion = English;
			hasScannedForEncodings = 0;
			knownRegions = (
				en,
				Base,
			);
			mainGroup = C8D380231E3446F300973167;
			productRefGroup = C8D3802D1E3446F300973167 /* Products */;
			projectDirPath = "";
			projectRoot = "";
			targets = (
				C8D3802B1E3446F300973167 /* WhiteBoardCoreData */,
				C8D380421E3446F300973167 /* WhiteBoardCoreDataTests */,
				C807A4E31EA7EB50002D8784 /* ShareExtension */,
				C807A4FE1EA7FE68002D8784 /* WatchApp */,
				C807A50A1EA7FE68002D8784 /* WatchApp Extension */,
			);
		};
/* End PBXProject section */

/* Begin PBXResourcesBuildPhase section */
		C807A4E21EA7EB50002D8784 /* Resources */ = {
			isa = PBXResourcesBuildPhase;
			buildActionMask = 2147483647;
			files = (
				C807A4EA1EA7EB51002D8784 /* MainInterface.storyboard in Resources */,
			);
			runOnlyForDeploymentPostprocessing = 0;
		};
		C807A4FD1EA7FE68002D8784 /* Resources */ = {
			isa = PBXResourcesBuildPhase;
			buildActionMask = 2147483647;
			files = (
				C8B178D41EED79A200324E57 /* Whiteboard-inverted.png in Resources */,
				C807A5051EA7FE68002D8784 /* Assets.xcassets in Resources */,
				C807A5031EA7FE68002D8784 /* Interface.storyboard in Resources */,
			);
			runOnlyForDeploymentPostprocessing = 0;
		};
		C807A5091EA7FE68002D8784 /* Resources */ = {
			isa = PBXResourcesBuildPhase;
			buildActionMask = 2147483647;
			files = (
				C807A5171EA7FE69002D8784 /* Assets.xcassets in Resources */,
			);
			runOnlyForDeploymentPostprocessing = 0;
		};
		C8D3802A1E3446F300973167 /* Resources */ = {
			isa = PBXResourcesBuildPhase;
			buildActionMask = 2147483647;
			files = (
				C84D4A3E1E4AA9F400D14153 /* ic_dark.png in Resources */,
				C87E2FE41E358BC000DCE2D1 /* PIZZA.jpg in Resources */,
				C83AC65D1E35828700932893 /* Whiteboard-inverted.png in Resources */,
				C84D4A381E4AA8CD00D14153 /* ic_textdark.png in Resources */,
				C87E2FE81E358E2D00DCE2D1 /* Ian of Ians.jpg in Resources */,
				C81F854C1E4B58DE0060273F /* ic_custom.png in Resources */,
				C8D3803D1E3446F300973167 /* LaunchScreen.storyboard in Resources */,
				C8D3803A1E3446F300973167 /* Assets.xcassets in Resources */,
				C8EA09BD1E3512940090E0F4 /* Settings.bundle in Resources */,
				C84D4A3A1E4AA90400D14153 /* ic_rainbow.png in Resources */,
				C8ACEA431EF1D2BA00D3CF0A /* icons8-Grid-100.png in Resources */,
				C84D4A361E4AA84300D14153 /* ic_text.png in Resources */,
				C8ACEA3F1EF1CECE00D3CF0A /* icons8-Save-100.png in Resources */,
				C8ACEA411EF1CF0600D3CF0A /* icons8-Cancel-100.png in Resources */,
				C8ACEA451EF1D5F000D3CF0A /* black.png in Resources */,
				C8ACEA3B1EF1CE5B00D3CF0A /* icons8-Replay-100.png in Resources */,
				C84D4A3C1E4AA95A00D14153 /* ic_white.png in Resources */,
				C8AD439F1E34F7CA004ED0D0 /* Whiteboard.png in Resources */,
				C8D380351E3446F300973167 /* Main.storyboard in Resources */,
			);
			runOnlyForDeploymentPostprocessing = 0;
		};
		C8D380411E3446F300973167 /* Resources */ = {
			isa = PBXResourcesBuildPhase;
			buildActionMask = 2147483647;
			files = (
			);
			runOnlyForDeploymentPostprocessing = 0;
		};
/* End PBXResourcesBuildPhase section */

/* Begin PBXSourcesBuildPhase section */
		C807A4E01EA7EB50002D8784 /* Sources */ = {
			isa = PBXSourcesBuildPhase;
			buildActionMask = 2147483647;
			files = (
				C807A4E71EA7EB51002D8784 /* ShareViewController.swift in Sources */,
			);
			runOnlyForDeploymentPostprocessing = 0;
		};
		C807A5071EA7FE68002D8784 /* Sources */ = {
			isa = PBXSourcesBuildPhase;
			buildActionMask = 2147483647;
			files = (
				C807A5131EA7FE69002D8784 /* ExtensionDelegate.swift in Sources */,
				C807A5111EA7FE69002D8784 /* InterfaceController.swift in Sources */,
				C807A5151EA7FE69002D8784 /* ComplicationController.swift in Sources */,
			);
			runOnlyForDeploymentPostprocessing = 0;
		};
		C8D380281E3446F300973167 /* Sources */ = {
			isa = PBXSourcesBuildPhase;
			buildActionMask = 2147483647;
			files = (
				C8D380321E3446F300973167 /* ViewController.swift in Sources */,
				C8D380301E3446F300973167 /* AppDelegate.swift in Sources */,
				C8D380381E3446F300973167 /* WhiteBoardCoreData.xcdatamodeld in Sources */,
			);
			runOnlyForDeploymentPostprocessing = 0;
		};
		C8D3803F1E3446F300973167 /* Sources */ = {
			isa = PBXSourcesBuildPhase;
			buildActionMask = 2147483647;
			files = (
				C8D380481E3446F300973167 /* WhiteBoardCoreDataTests.swift in Sources */,
			);
			runOnlyForDeploymentPostprocessing = 0;
		};
/* End PBXSourcesBuildPhase section */

/* Begin PBXTargetDependency section */
		C807A4ED1EA7EB51002D8784 /* PBXTargetDependency */ = {
			isa = PBXTargetDependency;
			target = C807A4E31EA7EB50002D8784 /* ShareExtension */;
			targetProxy = C807A4EC1EA7EB51002D8784 /* PBXContainerItemProxy */;
		};
		C807A50E1EA7FE68002D8784 /* PBXTargetDependency */ = {
			isa = PBXTargetDependency;
			target = C807A50A1EA7FE68002D8784 /* WatchApp Extension */;
			targetProxy = C807A50D1EA7FE68002D8784 /* PBXContainerItemProxy */;
		};
		C807A51A1EA7FE69002D8784 /* PBXTargetDependency */ = {
			isa = PBXTargetDependency;
			target = C807A4FE1EA7FE68002D8784 /* WatchApp */;
			targetProxy = C807A5191EA7FE69002D8784 /* PBXContainerItemProxy */;
		};
		C8D380451E3446F300973167 /* PBXTargetDependency */ = {
			isa = PBXTargetDependency;
			target = C8D3802B1E3446F300973167 /* WhiteBoardCoreData */;
			targetProxy = C8D380441E3446F300973167 /* PBXContainerItemProxy */;
		};
/* End PBXTargetDependency section */

/* Begin PBXVariantGroup section */
		C807A4E81EA7EB51002D8784 /* MainInterface.storyboard */ = {
			isa = PBXVariantGroup;
			children = (
				C807A4E91EA7EB51002D8784 /* Base */,
			);
			name = MainInterface.storyboard;
			sourceTree = "<group>";
		};
		C807A5011EA7FE68002D8784 /* Interface.storyboard */ = {
			isa = PBXVariantGroup;
			children = (
				C807A5021EA7FE68002D8784 /* Base */,
			);
			name = Interface.storyboard;
			sourceTree = "<group>";
		};
		C8D380331E3446F300973167 /* Main.storyboard */ = {
			isa = PBXVariantGroup;
			children = (
				C8D380341E3446F300973167 /* Base */,
			);
			name = Main.storyboard;
			path = "WhiteBoardCoreData/Core Files";
			sourceTree = "<group>";
		};
		C8D3803B1E3446F300973167 /* LaunchScreen.storyboard */ = {
			isa = PBXVariantGroup;
			children = (
				C8D3803C1E3446F300973167 /* Base */,
			);
			name = LaunchScreen.storyboard;
			path = "WhiteBoardCoreData/Core Files";
			sourceTree = "<group>";
		};
/* End PBXVariantGroup section */

/* Begin XCBuildConfiguration section */
		C807A4EF1EA7EB51002D8784 /* Debug */ = {
			isa = XCBuildConfiguration;
			buildSettings = {
				CLANG_ANALYZER_NUMBER_OBJECT_CONVERSION = YES_AGGRESSIVE;
				CODE_SIGN_ENTITLEMENTS = ShareExtension/ShareExtension.entitlements;
				CODE_SIGN_IDENTITY = "iPhone Developer";
				"CODE_SIGN_IDENTITY[sdk=iphoneos*]" = "iPhone Developer";
				DEVELOPMENT_TEAM = D42D4S8LQX;
				INFOPLIST_FILE = ShareExtension/Info.plist;
				LD_RUNPATH_SEARCH_PATHS = "$(inherited) @executable_path/Frameworks @executable_path/../../Frameworks";
				PRODUCT_BUNDLE_IDENTIFIER = co.neef.ios.WhiteBoardCoreData.ShareExtension;
				PRODUCT_NAME = "$(TARGET_NAME)";
				SKIP_INSTALL = YES;
				SWIFT_VERSION = 3.0;
			};
			name = Debug;
		};
		C807A4F01EA7EB51002D8784 /* Release */ = {
			isa = XCBuildConfiguration;
			buildSettings = {
				CLANG_ANALYZER_NUMBER_OBJECT_CONVERSION = YES_AGGRESSIVE;
				CODE_SIGN_ENTITLEMENTS = ShareExtension/ShareExtension.entitlements;
				DEVELOPMENT_TEAM = D42D4S8LQX;
				INFOPLIST_FILE = ShareExtension/Info.plist;
				LD_RUNPATH_SEARCH_PATHS = "$(inherited) @executable_path/Frameworks @executable_path/../../Frameworks";
				PRODUCT_BUNDLE_IDENTIFIER = co.neef.ios.WhiteBoardCoreData.ShareExtension;
				PRODUCT_NAME = "$(TARGET_NAME)";
				SKIP_INSTALL = YES;
				SWIFT_VERSION = 3.0;
			};
			name = Release;
		};
		C807A51C1EA7FE69002D8784 /* Debug */ = {
			isa = XCBuildConfiguration;
			buildSettings = {
				ALWAYS_EMBED_SWIFT_STANDARD_LIBRARIES = YES;
				ASSETCATALOG_COMPILER_APPICON_NAME = AppIcon;
				CLANG_ANALYZER_NUMBER_OBJECT_CONVERSION = YES_AGGRESSIVE;
				CODE_SIGN_ENTITLEMENTS = WatchApp/WatchApp.entitlements;
				CODE_SIGN_IDENTITY = "iPhone Developer";
				"CODE_SIGN_IDENTITY[sdk=iphoneos*]" = "iPhone Developer";
				DEVELOPMENT_TEAM = D42D4S8LQX;
				IBSC_MODULE = WatchApp_Extension;
				INFOPLIST_FILE = WatchApp/Info.plist;
				PRODUCT_BUNDLE_IDENTIFIER = co.neef.ios.WhiteBoardCoreData.watchkitapp;
				PRODUCT_NAME = "$(TARGET_NAME)";
				SDKROOT = watchos;
				SKIP_INSTALL = YES;
				SWIFT_VERSION = 3.0;
				TARGETED_DEVICE_FAMILY = 4;
				WATCHOS_DEPLOYMENT_TARGET = 3.0.1;
			};
			name = Debug;
		};
		C807A51D1EA7FE69002D8784 /* Release */ = {
			isa = XCBuildConfiguration;
			buildSettings = {
				ALWAYS_EMBED_SWIFT_STANDARD_LIBRARIES = YES;
				ASSETCATALOG_COMPILER_APPICON_NAME = AppIcon;
				CLANG_ANALYZER_NUMBER_OBJECT_CONVERSION = YES_AGGRESSIVE;
				CODE_SIGN_ENTITLEMENTS = WatchApp/WatchApp.entitlements;
				DEVELOPMENT_TEAM = D42D4S8LQX;
				IBSC_MODULE = WatchApp_Extension;
				INFOPLIST_FILE = WatchApp/Info.plist;
				PRODUCT_BUNDLE_IDENTIFIER = co.neef.ios.WhiteBoardCoreData.watchkitapp;
				PRODUCT_NAME = "$(TARGET_NAME)";
				SDKROOT = watchos;
				SKIP_INSTALL = YES;
				SWIFT_VERSION = 3.0;
				TARGETED_DEVICE_FAMILY = 4;
				WATCHOS_DEPLOYMENT_TARGET = 3.0.1;
			};
			name = Release;
		};
		C807A51E1EA7FE69002D8784 /* Debug */ = {
			isa = XCBuildConfiguration;
			buildSettings = {
				ASSETCATALOG_COMPILER_COMPLICATION_NAME = Complication;
				CLANG_ANALYZER_NUMBER_OBJECT_CONVERSION = YES_AGGRESSIVE;
				CODE_SIGN_ENTITLEMENTS = "WatchApp Extension/WatchApp Extension.entitlements";
				DEVELOPMENT_TEAM = D42D4S8LQX;
				INFOPLIST_FILE = "WatchApp Extension/Info.plist";
				LD_RUNPATH_SEARCH_PATHS = "$(inherited) @executable_path/Frameworks @executable_path/../../Frameworks";
				PRODUCT_BUNDLE_IDENTIFIER = co.neef.ios.WhiteBoardCoreData.watchkitapp.watchkitextension;
				PRODUCT_NAME = "${TARGET_NAME}";
				SDKROOT = watchos;
				SKIP_INSTALL = YES;
				SWIFT_VERSION = 3.0;
				TARGETED_DEVICE_FAMILY = 4;
				WATCHOS_DEPLOYMENT_TARGET = 3.2;
			};
			name = Debug;
		};
		C807A51F1EA7FE69002D8784 /* Release */ = {
			isa = XCBuildConfiguration;
			buildSettings = {
				ASSETCATALOG_COMPILER_COMPLICATION_NAME = Complication;
				CLANG_ANALYZER_NUMBER_OBJECT_CONVERSION = YES_AGGRESSIVE;
				CODE_SIGN_ENTITLEMENTS = "WatchApp Extension/WatchApp Extension.entitlements";
				DEVELOPMENT_TEAM = D42D4S8LQX;
				INFOPLIST_FILE = "WatchApp Extension/Info.plist";
				LD_RUNPATH_SEARCH_PATHS = "$(inherited) @executable_path/Frameworks @executable_path/../../Frameworks";
				PRODUCT_BUNDLE_IDENTIFIER = co.neef.ios.WhiteBoardCoreData.watchkitapp.watchkitextension;
				PRODUCT_NAME = "${TARGET_NAME}";
				SDKROOT = watchos;
				SKIP_INSTALL = YES;
				SWIFT_VERSION = 3.0;
				TARGETED_DEVICE_FAMILY = 4;
				WATCHOS_DEPLOYMENT_TARGET = 3.2;
			};
			name = Release;
		};
		C8D3804A1E3446F300973167 /* Debug */ = {
			isa = XCBuildConfiguration;
			buildSettings = {
				ALWAYS_SEARCH_USER_PATHS = NO;
				CLANG_ANALYZER_NONNULL = YES;
				CLANG_CXX_LANGUAGE_STANDARD = "gnu++0x";
				CLANG_CXX_LIBRARY = "libc++";
				CLANG_ENABLE_MODULES = YES;
				CLANG_ENABLE_OBJC_ARC = YES;
				CLANG_WARN_BOOL_CONVERSION = YES;
				CLANG_WARN_CONSTANT_CONVERSION = YES;
				CLANG_WARN_DIRECT_OBJC_ISA_USAGE = YES_ERROR;
				CLANG_WARN_DOCUMENTATION_COMMENTS = YES;
				CLANG_WARN_EMPTY_BODY = YES;
				CLANG_WARN_ENUM_CONVERSION = YES;
				CLANG_WARN_INFINITE_RECURSION = YES;
				CLANG_WARN_INT_CONVERSION = YES;
				CLANG_WARN_OBJC_ROOT_CLASS = YES_ERROR;
				CLANG_WARN_SUSPICIOUS_MOVE = YES;
				CLANG_WARN_UNREACHABLE_CODE = YES;
				CLANG_WARN__DUPLICATE_METHOD_MATCH = YES;
				"CODE_SIGN_IDENTITY[sdk=iphoneos*]" = "iPhone Developer";
				COPY_PHASE_STRIP = NO;
				DEBUG_INFORMATION_FORMAT = dwarf;
				ENABLE_STRICT_OBJC_MSGSEND = YES;
				ENABLE_TESTABILITY = YES;
				GCC_C_LANGUAGE_STANDARD = gnu99;
				GCC_DYNAMIC_NO_PIC = NO;
				GCC_NO_COMMON_BLOCKS = YES;
				GCC_OPTIMIZATION_LEVEL = 0;
				GCC_PREPROCESSOR_DEFINITIONS = (
					"DEBUG=1",
					"$(inherited)",
				);
				GCC_WARN_64_TO_32_BIT_CONVERSION = YES;
				GCC_WARN_ABOUT_RETURN_TYPE = YES_ERROR;
				GCC_WARN_UNDECLARED_SELECTOR = YES;
				GCC_WARN_UNINITIALIZED_AUTOS = YES_AGGRESSIVE;
				GCC_WARN_UNUSED_FUNCTION = YES;
				GCC_WARN_UNUSED_VARIABLE = YES;
				IPHONEOS_DEPLOYMENT_TARGET = 11.0;
				MTL_ENABLE_DEBUG_INFO = YES;
				ONLY_ACTIVE_ARCH = YES;
				SDKROOT = iphoneos;
				SWIFT_ACTIVE_COMPILATION_CONDITIONS = DEBUG;
				SWIFT_OPTIMIZATION_LEVEL = "-Onone";
				TARGETED_DEVICE_FAMILY = "1,2";
			};
			name = Debug;
		};
		C8D3804B1E3446F300973167 /* Release */ = {
			isa = XCBuildConfiguration;
			buildSettings = {
				ALWAYS_SEARCH_USER_PATHS = NO;
				CLANG_ANALYZER_NONNULL = YES;
				CLANG_CXX_LANGUAGE_STANDARD = "gnu++0x";
				CLANG_CXX_LIBRARY = "libc++";
				CLANG_ENABLE_MODULES = YES;
				CLANG_ENABLE_OBJC_ARC = YES;
				CLANG_WARN_BOOL_CONVERSION = YES;
				CLANG_WARN_CONSTANT_CONVERSION = YES;
				CLANG_WARN_DIRECT_OBJC_ISA_USAGE = YES_ERROR;
				CLANG_WARN_DOCUMENTATION_COMMENTS = YES;
				CLANG_WARN_EMPTY_BODY = YES;
				CLANG_WARN_ENUM_CONVERSION = YES;
				CLANG_WARN_INFINITE_RECURSION = YES;
				CLANG_WARN_INT_CONVERSION = YES;
				CLANG_WARN_OBJC_ROOT_CLASS = YES_ERROR;
				CLANG_WARN_SUSPICIOUS_MOVE = YES;
				CLANG_WARN_UNREACHABLE_CODE = YES;
				CLANG_WARN__DUPLICATE_METHOD_MATCH = YES;
				"CODE_SIGN_IDENTITY[sdk=iphoneos*]" = "iPhone Developer";
				COPY_PHASE_STRIP = NO;
				DEBUG_INFORMATION_FORMAT = "dwarf-with-dsym";
				ENABLE_NS_ASSERTIONS = NO;
				ENABLE_STRICT_OBJC_MSGSEND = YES;
				GCC_C_LANGUAGE_STANDARD = gnu99;
				GCC_NO_COMMON_BLOCKS = YES;
				GCC_WARN_64_TO_32_BIT_CONVERSION = YES;
				GCC_WARN_ABOUT_RETURN_TYPE = YES_ERROR;
				GCC_WARN_UNDECLARED_SELECTOR = YES;
				GCC_WARN_UNINITIALIZED_AUTOS = YES_AGGRESSIVE;
				GCC_WARN_UNUSED_FUNCTION = YES;
				GCC_WARN_UNUSED_VARIABLE = YES;
				IPHONEOS_DEPLOYMENT_TARGET = 11.0;
				MTL_ENABLE_DEBUG_INFO = NO;
				SDKROOT = iphoneos;
				SWIFT_OPTIMIZATION_LEVEL = "-Owholemodule";
				TARGETED_DEVICE_FAMILY = "1,2";
				VALIDATE_PRODUCT = YES;
			};
			name = Release;
		};
		C8D3804D1E3446F300973167 /* Debug */ = {
			isa = XCBuildConfiguration;
			buildSettings = {
				ALWAYS_EMBED_SWIFT_STANDARD_LIBRARIES = YES;
				ASSETCATALOG_COMPILER_APPICON_NAME = AppIcon;
				CODE_SIGN_ENTITLEMENTS = WhiteBoardCoreData/WhiteBoardCoreData.entitlements;
				CODE_SIGN_IDENTITY = "iPhone Developer";
				"CODE_SIGN_IDENTITY[sdk=iphoneos*]" = "iPhone Developer";
				DEVELOPMENT_TEAM = D42D4S8LQX;
				INFOPLIST_FILE = WhiteBoardCoreData/Info.plist;
				IPHONEOS_DEPLOYMENT_TARGET = 11.0;
				LD_RUNPATH_SEARCH_PATHS = "$(inherited) @executable_path/Frameworks";
				PRODUCT_BUNDLE_IDENTIFIER = co.neef.ios.WhiteBoardCoreData;
				PRODUCT_NAME = "$(TARGET_NAME)";
				SWIFT_VERSION = 3.0;
				TARGETED_DEVICE_FAMILY = 1;
			};
			name = Debug;
		};
		C8D3804E1E3446F300973167 /* Release */ = {
			isa = XCBuildConfiguration;
			buildSettings = {
				ALWAYS_EMBED_SWIFT_STANDARD_LIBRARIES = YES;
				ASSETCATALOG_COMPILER_APPICON_NAME = AppIcon;
				CODE_SIGN_ENTITLEMENTS = WhiteBoardCoreData/WhiteBoardCoreData.entitlements;
				"CODE_SIGN_IDENTITY[sdk=iphoneos*]" = "iPhone Developer";
				DEVELOPMENT_TEAM = D42D4S8LQX;
				INFOPLIST_FILE = WhiteBoardCoreData/Info.plist;
				IPHONEOS_DEPLOYMENT_TARGET = 11.0;
				LD_RUNPATH_SEARCH_PATHS = "$(inherited) @executable_path/Frameworks";
				PRODUCT_BUNDLE_IDENTIFIER = co.neef.ios.WhiteBoardCoreData;
				PRODUCT_NAME = "$(TARGET_NAME)";
				SWIFT_VERSION = 3.0;
				TARGETED_DEVICE_FAMILY = 1;
			};
			name = Release;
		};
		C8D380501E3446F300973167 /* Debug */ = {
			isa = XCBuildConfiguration;
			buildSettings = {
				ALWAYS_EMBED_SWIFT_STANDARD_LIBRARIES = YES;
				BUNDLE_LOADER = "$(TEST_HOST)";
				DEVELOPMENT_TEAM = D42D4S8LQX;
				INFOPLIST_FILE = WhiteBoardCoreDataTests/Info.plist;
				LD_RUNPATH_SEARCH_PATHS = "$(inherited) @executable_path/Frameworks @loader_path/Frameworks";
				PRODUCT_BUNDLE_IDENTIFIER = co.neef.ios.WhiteBoardCoreDataTests;
				PRODUCT_NAME = "$(TARGET_NAME)";
				SWIFT_VERSION = 3.0;
				TEST_HOST = "$(BUILT_PRODUCTS_DIR)/WhiteBoardCoreData.app/WhiteBoardCoreData";
			};
			name = Debug;
		};
		C8D380511E3446F300973167 /* Release */ = {
			isa = XCBuildConfiguration;
			buildSettings = {
				ALWAYS_EMBED_SWIFT_STANDARD_LIBRARIES = YES;
				BUNDLE_LOADER = "$(TEST_HOST)";
				DEVELOPMENT_TEAM = D42D4S8LQX;
				INFOPLIST_FILE = WhiteBoardCoreDataTests/Info.plist;
				LD_RUNPATH_SEARCH_PATHS = "$(inherited) @executable_path/Frameworks @loader_path/Frameworks";
				PRODUCT_BUNDLE_IDENTIFIER = co.neef.ios.WhiteBoardCoreDataTests;
				PRODUCT_NAME = "$(TARGET_NAME)";
				SWIFT_VERSION = 3.0;
				TEST_HOST = "$(BUILT_PRODUCTS_DIR)/WhiteBoardCoreData.app/WhiteBoardCoreData";
			};
			name = Release;
		};
/* End XCBuildConfiguration section */

/* Begin XCConfigurationList section */
		C807A4F11EA7EB51002D8784 /* Build configuration list for PBXNativeTarget "ShareExtension" */ = {
			isa = XCConfigurationList;
			buildConfigurations = (
				C807A4EF1EA7EB51002D8784 /* Debug */,
				C807A4F01EA7EB51002D8784 /* Release */,
			);
			defaultConfigurationIsVisible = 0;
			defaultConfigurationName = Release;
		};
		C807A5201EA7FE69002D8784 /* Build configuration list for PBXNativeTarget "WatchApp Extension" */ = {
			isa = XCConfigurationList;
			buildConfigurations = (
				C807A51E1EA7FE69002D8784 /* Debug */,
				C807A51F1EA7FE69002D8784 /* Release */,
			);
			defaultConfigurationIsVisible = 0;
			defaultConfigurationName = Release;
		};
		C807A5221EA7FE69002D8784 /* Build configuration list for PBXNativeTarget "WatchApp" */ = {
			isa = XCConfigurationList;
			buildConfigurations = (
				C807A51C1EA7FE69002D8784 /* Debug */,
				C807A51D1EA7FE69002D8784 /* Release */,
			);
			defaultConfigurationIsVisible = 0;
			defaultConfigurationName = Release;
		};
		C8D380271E3446F300973167 /* Build configuration list for PBXProject "WhiteBoardCoreData" */ = {
			isa = XCConfigurationList;
			buildConfigurations = (
				C8D3804A1E3446F300973167 /* Debug */,
				C8D3804B1E3446F300973167 /* Release */,
			);
			defaultConfigurationIsVisible = 0;
			defaultConfigurationName = Release;
		};
		C8D3804C1E3446F300973167 /* Build configuration list for PBXNativeTarget "WhiteBoardCoreData" */ = {
			isa = XCConfigurationList;
			buildConfigurations = (
				C8D3804D1E3446F300973167 /* Debug */,
				C8D3804E1E3446F300973167 /* Release */,
			);
			defaultConfigurationIsVisible = 0;
			defaultConfigurationName = Release;
		};
		C8D3804F1E3446F300973167 /* Build configuration list for PBXNativeTarget "WhiteBoardCoreDataTests" */ = {
			isa = XCConfigurationList;
			buildConfigurations = (
				C8D380501E3446F300973167 /* Debug */,
				C8D380511E3446F300973167 /* Release */,
			);
			defaultConfigurationIsVisible = 0;
			defaultConfigurationName = Release;
		};
/* End XCConfigurationList section */

/* Begin XCVersionGroup section */
		C8D380361E3446F300973167 /* WhiteBoardCoreData.xcdatamodeld */ = {
			isa = XCVersionGroup;
			children = (
				C8D380371E3446F300973167 /* WhiteBoardCoreData.xcdatamodel */,
			);
			currentVersion = C8D380371E3446F300973167 /* WhiteBoardCoreData.xcdatamodel */;
			name = WhiteBoardCoreData.xcdatamodeld;
			path = WhiteBoardCoreData/WhiteBoardCoreData.xcdatamodeld;
			sourceTree = "<group>";
			versionGroupType = wrapper.xcdatamodel;
		};
/* End XCVersionGroup section */
	};
	rootObject = C8D380241E3446F300973167 /* Project object */;
}
